
Microsoft Visual Studio Solution File, Format Version 12.00
# Visual Studio Version 17
VisualStudioVersion = 17.7.34221.43
MinimumVisualStudioVersion = 10.0.40219.1
Project("{9A19103F-16F7-4668-BE54-9A1E7A4F7556}") = "CalculatorAPI", "CalculatorAPI\CalculatorAPI.csproj", "{FD2569C5-4A4E-4B03-858F-CC8D812569EA}"
EndProject
Project("{9A19103F-16F7-4668-BE54-9A1E7A4F7556}") = "CalculatorApi.Tests", "CalculatorApi.Tests\CalculatorApi.Tests.csproj", "{E385E2AA-A22C-4695-A3FA-9190854022C3}"
EndProject
Project("{2150E333-8FDC-42A3-9474-1A3956D46DE8}") = "Solution Items", "Solution Items", "{AB6DCFCD-26AF-4AFE-9790-3E1D0F999973}"
	ProjectSection(SolutionItems) = preProject
		README.md = README.md
	EndProjectSection
EndProject
Global
	GlobalSection(SolutionConfigurationPlatforms) = preSolution
		Debug|Any CPU = Debug|Any CPU
		Release|Any CPU = Release|Any CPU
	EndGlobalSection
	GlobalSection(ProjectConfigurationPlatforms) = postSolution
		{FD2569C5-4A4E-4B03-858F-CC8D812569EA}.Debug|Any CPU.ActiveCfg = Debug|Any CPU
		{FD2569C5-4A4E-4B03-858F-CC8D812569EA}.Debug|Any CPU.Build.0 = Debug|Any CPU
		{FD2569C5-4A4E-4B03-858F-CC8D812569EA}.Release|Any CPU.ActiveCfg = Release|Any CPU
		{FD2569C5-4A4E-4B03-858F-CC8D812569EA}.Release|Any CPU.Build.0 = Release|Any CPU
		{E385E2AA-A22C-4695-A3FA-9190854022C3}.Debug|Any CPU.ActiveCfg = Debug|Any CPU
		{E385E2AA-A22C-4695-A3FA-9190854022C3}.Debug|Any CPU.Build.0 = Debug|Any CPU
		{E385E2AA-A22C-4695-A3FA-9190854022C3}.Release|Any CPU.ActiveCfg = Release|Any CPU
		{E385E2AA-A22C-4695-A3FA-9190854022C3}.Release|Any CPU.Build.0 = Release|Any CPU
	EndGlobalSection
	GlobalSection(SolutionProperties) = preSolution
		HideSolutionNode = FALSE
	EndGlobalSection
	GlobalSection(ExtensibilityGlobals) = postSolution
		SolutionGuid = {AF6D2602-E524-41F1-A844-65775E277327}
	EndGlobalSection
EndGlobal
